
Microsoft Visual Studio Solution File, Format Version 12.00
# Visual Studio Version 17
VisualStudioVersion = 17.9.34728.123
MinimumVisualStudioVersion = 10.0.40219.1
Project("{FAE04EC0-301F-11D3-BF4B-00C04F79EFBC}") = "P6Proyecto_Assets_JozefMoraAraya", "P6Proyecto_Assets_JozefMoraAraya\P6Proyecto_Assets_JozefMoraAraya.csproj", "{E2B91681-3B35-4C74-A185-2F6E7AB18A4A}"
EndProject
Global
	GlobalSection(SolutionConfigurationPlatforms) = preSolution
		Debug|Any CPU = Debug|Any CPU
		Release|Any CPU = Release|Any CPU
	EndGlobalSection
	GlobalSection(ProjectConfigurationPlatforms) = postSolution
		{E2B91681-3B35-4C74-A185-2F6E7AB18A4A}.Debug|Any CPU.ActiveCfg = Debug|Any CPU
		{E2B91681-3B35-4C74-A185-2F6E7AB18A4A}.Debug|Any CPU.Build.0 = Debug|Any CPU
		{E2B91681-3B35-4C74-A185-2F6E7AB18A4A}.Release|Any CPU.ActiveCfg = Release|Any CPU
		{E2B91681-3B35-4C74-A185-2F6E7AB18A4A}.Release|Any CPU.Build.0 = Release|Any CPU
	EndGlobalSection
	GlobalSection(SolutionProperties) = preSolution
		HideSolutionNode = FALSE
	EndGlobalSection
	GlobalSection(ExtensibilityGlobals) = postSolution
		SolutionGuid = {D056CA41-535E-4A17-8419-18D701375261}
	EndGlobalSection
EndGlobal
